
Microsoft Visual Studio Solution File, Format Version 12.00
# Visual Studio Version 17
VisualStudioVersion = 17.0.32014.148
MinimumVisualStudioVersion = 10.0.40219.1
Project("{FAE04EC0-301F-11D3-BF4B-00C04F79EFBC}") = "CurrencyConvrter", "CurrencyConvrter\CurrencyConvrter.csproj", "{296B9250-439D-4B6E-8E7A-36B1B2AD5AF6}"
EndProject
Global
	GlobalSection(SolutionConfigurationPlatforms) = preSolution
		Debug|Any CPU = Debug|Any CPU
		Release|Any CPU = Release|Any CPU
	EndGlobalSection
	GlobalSection(ProjectConfigurationPlatforms) = postSolution
		{296B9250-439D-4B6E-8E7A-36B1B2AD5AF6}.Debug|Any CPU.ActiveCfg = Debug|Any CPU
		{296B9250-439D-4B6E-8E7A-36B1B2AD5AF6}.Debug|Any CPU.Build.0 = Debug|Any CPU
		{296B9250-439D-4B6E-8E7A-36B1B2AD5AF6}.Release|Any CPU.ActiveCfg = Release|Any CPU
		{296B9250-439D-4B6E-8E7A-36B1B2AD5AF6}.Release|Any CPU.Build.0 = Release|Any CPU
	EndGlobalSection
	GlobalSection(SolutionProperties) = preSolution
		HideSolutionNode = FALSE
	EndGlobalSection
	GlobalSection(ExtensibilityGlobals) = postSolution
		SolutionGuid = {2CE6C11C-7F94-4124-9827-64D48C4E2678}
	EndGlobalSection
EndGlobal
